// !$*UTF8*$!
{
	archiveVersion = 1;
	classes = {
	};
	objectVersion = 46;
	objects = {

/* Begin PBXBuildFile section */
		33B2667F1D59004400B16F58 /* AppDelegate.swift in Sources */ = {isa = PBXBuildFile; fileRef = 33B2667E1D59004400B16F58 /* AppDelegate.swift */; };
		33B266811D59004400B16F58 /* ViewController.swift in Sources */ = {isa = PBXBuildFile; fileRef = 33B266801D59004400B16F58 /* ViewController.swift */; };
		33B266841D59004400B16F58 /* Main.storyboard in Resources */ = {isa = PBXBuildFile; fileRef = 33B266821D59004400B16F58 /* Main.storyboard */; };
		33B266861D59004400B16F58 /* Assets.xcassets in Resources */ = {isa = PBXBuildFile; fileRef = 33B266851D59004400B16F58 /* Assets.xcassets */; };
		33B266891D59004400B16F58 /* LaunchScreen.storyboard in Resources */ = {isa = PBXBuildFile; fileRef = 33B266871D59004400B16F58 /* LaunchScreen.storyboard */; };
/* End PBXBuildFile section */

/* Begin PBXFileReference section */
		33B2667B1D59004400B16F58 /* Airnotes.app */ = {isa = PBXFileReference; explicitFileType = wrapper.application; includeInIndex = 0; path = Airnotes.app; sourceTree = BUILT_PRODUCTS_DIR; };
		33B2667E1D59004400B16F58 /* AppDelegate.swift */ = {isa = PBXFileReference; lastKnownFileType = sourcecode.swift; path = AppDelegate.swift; sourceTree = "<group>"; };
		33B266801D59004400B16F58 /* ViewController.swift */ = {isa = PBXFileReference; lastKnownFileType = sourcecode.swift; path = ViewController.swift; sourceTree = "<group>"; };
		33B266831D59004400B16F58 /* Base */ = {isa = PBXFileReference; lastKnownFileType = file.storyboard; name = Base; path = Base.lproj/Main.storyboard; sourceTree = "<group>"; };
		33B266851D59004400B16F58 /* Assets.xcassets */ = {isa = PBXFileReference; lastKnownFileType = folder.assetcatalog; path = Assets.xcassets; sourceTree = "<group>"; };
		33B266881D59004400B16F58 /* Base */ = {isa = PBXFileReference; lastKnownFileType = file.storyboard; name = Base; path = Base.lproj/LaunchScreen.storyboard; sourceTree = "<group>"; };
		33B2668A1D59004400B16F58 /* Info.plist */ = {isa = PBXFileReference; lastKnownFileType = text.plist.xml; path = Info.plist; sourceTree = "<group>"; };
/* End PBXFileReference section */

/* Begin PBXFrameworksBuildPhase section */
		33B266781D59004400B16F58 /* Frameworks */ = {
			isa = PBXFrameworksBuildPhase;
			buildActionMask = 2147483647;
			files = (
			);
			runOnlyForDeploymentPostprocessing = 0;
		};
/* End PBXFrameworksBuildPhase section */

/* Begin PBXGroup section */
		33B266721D59004300B16F58 = {
			isa = PBXGroup;
			children = (
				33B2667D1D59004400B16F58 /* Airnotes */,
				33B2667C1D59004400B16F58 /* Products */,
			);
			sourceTree = "<group>";
		};
		33B2667C1D59004400B16F58 /* Products */ = {
			isa = PBXGroup;
			children = (
				33B2667B1D59004400B16F58 /* Airnotes.app */,
			);
			name = Products;
			sourceTree = "<group>";
		};
		33B2667D1D59004400B16F58 /* Airnotes */ = {
			isa = PBXGroup;
			children = (
				33B2667E1D59004400B16F58 /* AppDelegate.swift */,
				33B266801D59004400B16F58 /* ViewController.swift */,
				33B266821D59004400B16F58 /* Main.storyboard */,
				33B266851D59004400B16F58 /* Assets.xcassets */,
				33B266871D59004400B16F58 /* LaunchScreen.storyboard */,
				33B2668A1D59004400B16F58 /* Info.plist */,
			);
			path = Airnotes;
			sourceTree = "<group>";
		};
/* End PBXGroup section */

/* Begin PBXNativeTarget section */
		33B2667A1D59004400B16F58 /* Airnotes */ = {
			isa = PBXNativeTarget;
			buildConfigurationList = 33B2668D1D59004400B16F58 /* Build configuration list for PBXNativeTarget "Airnotes" */;
			buildPhases = (
				33B266771D59004400B16F58 /* Sources */,
				33B266781D59004400B16F58 /* Frameworks */,
				33B266791D59004400B16F58 /* Resources */,
			);
			buildRules = (
			);
			dependencies = (
			);
			name = Airnotes;
			productName = Airnotes;
			productReference = 33B2667B1D59004400B16F58 /* Airnotes.app */;
			productType = "com.apple.product-type.application";
		};
/* End PBXNativeTarget section */

/* Begin PBXProject section */
		33B266731D59004300B16F58 /* Project object */ = {
			isa = PBXProject;
			attributes = {
				LastSwiftUpdateCheck = 0730;
				LastUpgradeCheck = 0730;
				ORGANIZATIONNAME = "Philipp Eibl";
				TargetAttributes = {
					33B2667A1D59004400B16F58 = {
						CreatedOnToolsVersion = 7.3.1;
						DevelopmentTeam = LM2ZWJRF67;
					};
				};
			};
			buildConfigurationList = 33B266761D59004300B16F58 /* Build configuration list for PBXProject "Airnotes" */;
			compatibilityVersion = "Xcode 3.2";
			developmentRegion = English;
			hasScannedForEncodings = 0;
			knownRegions = (
				en,
				Base,
			);
			mainGroup = 33B266721D59004300B16F58;
			productRefGroup = 33B2667C1D59004400B16F58 /* Products */;
			projectDirPath = "";
			projectRoot = "";
			targets = (
				33B2667A1D59004400B16F58 /* Airnotes */,
			);
		};
/* End PBXProject section */

/* Begin PBXResourcesBuildPhase section */
		33B266791D59004400B16F58 /* Resources */ = {
			isa = PBXResourcesBuildPhase;
			buildActionMask = 2147483647;
			files = (
				33B266891D59004400B16F58 /* LaunchScreen.storyboard in Resources */,
				33B266861D59004400B16F58 /* Assets.xcassets in Resources */,
				33B266841D59004400B16F58 /* Main.storyboard in Resources */,
			);
			runOnlyForDeploymentPostprocessing = 0;
		};
/* End PBXResourcesBuildPhase section */

/* Begin PBXSourcesBuildPhase section */
		33B266771D59004400B16F58 /* Sources */ = {
			isa = PBXSourcesBuildPhase;
			buildActionMask = 2147483647;
			files = (
				33B266811D59004400B16F58 /* ViewController.swift in Sources */,
				33B2667F1D59004400B16F58 /* AppDelegate.swift in Sources */,
			);
			runOnlyForDeploymentPostprocessing = 0;
		};
/* End PBXSourcesBuildPhase section */

/* Begin PBXVariantGroup section */
		33B266821D59004400B16F58 /* Main.storyboard */ = {
			isa = PBXVariantGroup;
			children = (
				33B266831D59004400B16F58 /* Base */,
			);
			name = Main.storyboard;
			sourceTree = "<group>";
		};
		33B266871D59004400B16F58 /* LaunchScreen.storyboard */ = {
			isa = PBXVariantGroup;
			children = (
				33B266881D59004400B16F58 /* Base */,
			);
			name = LaunchScreen.storyboard;
			sourceTree = "<group>";
		};
/* End PBXVariantGroup section */

/* Begin XCBuildConfiguration section */
		33B2668B1D59004400B16F58 /* Debug */ = {
			isa = XCBuildConfiguration;
			buildSettings = {
				ALWAYS_SEARCH_USER_PATHS = NO;
				CLANG_ANALYZER_NONNULL = YES;
				CLANG_CXX_LANGUAGE_STANDARD = "gnu++0x";
				CLANG_CXX_LIBRARY = "libc++";
				CLANG_ENABLE_MODULES = YES;
				CLANG_ENABLE_OBJC_ARC = YES;
				CLANG_WARN_BOOL_CONVERSION = YES;
				CLANG_WARN_CONSTANT_CONVERSION = YES;
				CLANG_WARN_DIRECT_OBJC_ISA_USAGE = YES_ERROR;
				CLANG_WARN_EMPTY_BODY = YES;
				CLANG_WARN_ENUM_CONVERSION = YES;
				CLANG_WARN_INT_CONVERSION = YES;
				CLANG_WARN_OBJC_ROOT_CLASS = YES_ERROR;
				CLANG_WARN_UNREACHABLE_CODE = YES;
				CLANG_WARN__DUPLICATE_METHOD_MATCH = YES;
				"CODE_SIGN_IDENTITY[sdk=iphoneos*]" = "iPhone Developer";
				COPY_PHASE_STRIP = NO;
				DEBUG_INFORMATION_FORMAT = dwarf;
				ENABLE_STRICT_OBJC_MSGSEND = YES;
				ENABLE_TESTABILITY = YES;
				GCC_C_LANGUAGE_STANDARD = gnu99;
				GCC_DYNAMIC_NO_PIC = NO;
				GCC_NO_COMMON_BLOCKS = YES;
				GCC_OPTIMIZATION_LEVEL = 0;
				GCC_PREPROCESSOR_DEFINITIONS = (
					"DEBUG=1",
					"$(inherited)",
				);
				GCC_WARN_64_TO_32_BIT_CONVERSION = YES;
				GCC_WARN_ABOUT_RETURN_TYPE = YES_ERROR;
				GCC_WARN_UNDECLARED_SELECTOR = YES;
				GCC_WARN_UNINITIALIZED_AUTOS = YES_AGGRESSIVE;
				GCC_WARN_UNUSED_FUNCTION = YES;
				GCC_WARN_UNUSED_VARIABLE = YES;
				IPHONEOS_DEPLOYMENT_TARGET = 9.3;
				MTL_ENABLE_DEBUG_INFO = YES;
				ONLY_ACTIVE_ARCH = YES;
				SDKROOT = iphoneos;
				SWIFT_OPTIMIZATION_LEVEL = "-Onone";
			};
			name = Debug;
		};
		33B2668C1D59004400B16F58 /* Release */ = {
			isa = XCBuildConfiguration;
			buildSettings = {
				ALWAYS_SEARCH_USER_PATHS = NO;
				CLANG_ANALYZER_NONNULL = YES;
				CLANG_CXX_LANGUAGE_STANDARD = "gnu++0x";
				CLANG_CXX_LIBRARY = "libc++";
				CLANG_ENABLE_MODULES = YES;
				CLANG_ENABLE_OBJC_ARC = YES;
				CLANG_WARN_BOOL_CONVERSION = YES;
				CLANG_WARN_CONSTANT_CONVERSION = YES;
				CLANG_WARN_DIRECT_OBJC_ISA_USAGE = YES_ERROR;
				CLANG_WARN_EMPTY_BODY = YES;
				CLANG_WARN_ENUM_CONVERSION = YES;
				CLANG_WARN_INT_CONVERSION = YES;
				CLANG_WARN_OBJC_ROOT_CLASS = YES_ERROR;
				CLANG_WARN_UNREACHABLE_CODE = YES;
				CLANG_WARN__DUPLICATE_METHOD_MATCH = YES;
				"CODE_SIGN_IDENTITY[sdk=iphoneos*]" = "iPhone Developer";
				COPY_PHASE_STRIP = NO;
				DEBUG_INFORMATION_FORMAT = "dwarf-with-dsym";
				ENABLE_NS_ASSERTIONS = NO;
				ENABLE_STRICT_OBJC_MSGSEND = YES;
				GCC_C_LANGUAGE_STANDARD = gnu99;
				GCC_NO_COMMON_BLOCKS = YES;
				GCC_WARN_64_TO_32_BIT_CONVERSION = YES;
				GCC_WARN_ABOUT_RETURN_TYPE = YES_ERROR;
				GCC_WARN_UNDECLARED_SELECTOR = YES;
				GCC_WARN_UNINITIALIZED_AUTOS = YES_AGGRESSIVE;
				GCC_WARN_UNUSED_FUNCTION = YES;
				GCC_WARN_UNUSED_VARIABLE = YES;
				IPHONEOS_DEPLOYMENT_TARGET = 9.3;
				MTL_ENABLE_DEBUG_INFO = NO;
				SDKROOT = iphoneos;
				VALIDATE_PRODUCT = YES;
			};
			name = Release;
		};
		33B2668E1D59004400B16F58 /* Debug */ = {
			isa = XCBuildConfiguration;
			buildSettings = {
				ASSETCATALOG_COMPILER_APPICON_NAME = AppIcon;
				CODE_SIGN_IDENTITY = "iPhone Developer";
				INFOPLIST_FILE = Airnotes/Info.plist;
				LD_RUNPATH_SEARCH_PATHS = "$(inherited) @executable_path/Frameworks";
				PRODUCT_BUNDLE_IDENTIFIER = PhilippEibl.Airnotes;
				PRODUCT_NAME = "$(TARGET_NAME)";
			};
			name = Debug;
		};
		33B2668F1D59004400B16F58 /* Release */ = {
			isa = XCBuildConfiguration;
			buildSettings = {
				ASSETCATALOG_COMPILER_APPICON_NAME = AppIcon;
				CODE_SIGN_IDENTITY = "iPhone Developer";
				INFOPLIST_FILE = Airnotes/Info.plist;
				LD_RUNPATH_SEARCH_PATHS = "$(inherited) @executable_path/Frameworks";
				PRODUCT_BUNDLE_IDENTIFIER = PhilippEibl.Airnotes;
				PRODUCT_NAME = "$(TARGET_NAME)";
			};
			name = Release;
		};
/* End XCBuildConfiguration section */

/* Begin XCConfigurationList section */
		33B266761D59004300B16F58 /* Build configuration list for PBXProject "Airnotes" */ = {
			isa = XCConfigurationList;
			buildConfigurations = (
				33B2668B1D59004400B16F58 /* Debug */,
				33B2668C1D59004400B16F58 /* Release */,
			);
			defaultConfigurationIsVisible = 0;
			defaultConfigurationName = Release;
		};
		33B2668D1D59004400B16F58 /* Build configuration list for PBXNativeTarget "Airnotes" */ = {
			isa = XCConfigurationList;
			buildConfigurations = (
				33B2668E1D59004400B16F58 /* Debug */,
				33B2668F1D59004400B16F58 /* Release */,
			);
			defaultConfigurationIsVisible = 0;
		};
/* End XCConfigurationList section */
	};
	rootObject = 33B266731D59004300B16F58 /* Project object */;
}
